{
  "requires": true,
  "lockfileVersion": 1,
  "dependencies": {
    "caniuse-lite": {
      "version": "1.0.30001099",
      "resolved": "https://registry.npmjs.org/caniuse-lite/-/caniuse-lite-1.0.30001099.tgz",
      "integrity": "sha512-sdS9A+sQTk7wKoeuZBN/YMAHVztUfVnjDi4/UV3sDE8xoh7YR12hKW+pIdB3oqKGwr9XaFL2ovfzt9w8eUI5CA=="
    }
  }
}
